
Microsoft Visual Studio Solution File, Format Version 12.00
# Visual Studio Version 17
VisualStudioVersion = 17.13.35716.79
MinimumVisualStudioVersion = 10.0.40219.1
Project("{2150E333-8FDC-42A3-9474-1A3956D46DE8}") = "Services", "Services", "{02EA681E-C7D8-13C7-8484-4AC65E1B71E8}"
EndProject
Project("{2150E333-8FDC-42A3-9474-1A3956D46DE8}") = "Catalog", "Catalog", "{1924680A-064B-4AD3-81D1-85BD1BA482B8}"
EndProject
Project("{FAE04EC0-301F-11D3-BF4B-00C04F79EFBC}") = "Catalog.API", "Services\Catalog\Catalog.API\Catalog.API.csproj", "{6A7F37AF-BEF7-4C32-8FD2-B168FEC4948A}"
EndProject
Project("{2150E333-8FDC-42A3-9474-1A3956D46DE8}") = "BuildingBlocks", "BuildingBlocks", "{B6B4262D-97BB-4F8B-8EAD-18439177F5E4}"
EndProject
Project("{FAE04EC0-301F-11D3-BF4B-00C04F79EFBC}") = "BuildingBlocks", "BuildingBlocks\BuildingBlocks\BuildingBlocks.csproj", "{9B33C080-2DBB-4F1D-93B4-3F34F41EA116}"
EndProject
Global
	GlobalSection(SolutionConfigurationPlatforms) = preSolution
		Debug|Any CPU = Debug|Any CPU
		Release|Any CPU = Release|Any CPU
	EndGlobalSection
	GlobalSection(ProjectConfigurationPlatforms) = postSolution
		{6A7F37AF-BEF7-4C32-8FD2-B168FEC4948A}.Debug|Any CPU.ActiveCfg = Debug|Any CPU
		{6A7F37AF-BEF7-4C32-8FD2-B168FEC4948A}.Debug|Any CPU.Build.0 = Debug|Any CPU
		{6A7F37AF-BEF7-4C32-8FD2-B168FEC4948A}.Release|Any CPU.ActiveCfg = Release|Any CPU
		{6A7F37AF-BEF7-4C32-8FD2-B168FEC4948A}.Release|Any CPU.Build.0 = Release|Any CPU
		{9B33C080-2DBB-4F1D-93B4-3F34F41EA116}.Debug|Any CPU.ActiveCfg = Debug|Any CPU
		{9B33C080-2DBB-4F1D-93B4-3F34F41EA116}.Debug|Any CPU.Build.0 = Debug|Any CPU
		{9B33C080-2DBB-4F1D-93B4-3F34F41EA116}.Release|Any CPU.ActiveCfg = Release|Any CPU
		{9B33C080-2DBB-4F1D-93B4-3F34F41EA116}.Release|Any CPU.Build.0 = Release|Any CPU
	EndGlobalSection
	GlobalSection(SolutionProperties) = preSolution
		HideSolutionNode = FALSE
	EndGlobalSection
	GlobalSection(NestedProjects) = preSolution
		{1924680A-064B-4AD3-81D1-85BD1BA482B8} = {02EA681E-C7D8-13C7-8484-4AC65E1B71E8}
		{6A7F37AF-BEF7-4C32-8FD2-B168FEC4948A} = {1924680A-064B-4AD3-81D1-85BD1BA482B8}
		{9B33C080-2DBB-4F1D-93B4-3F34F41EA116} = {B6B4262D-97BB-4F8B-8EAD-18439177F5E4}
	EndGlobalSection
	GlobalSection(ExtensibilityGlobals) = postSolution
		SolutionGuid = {B7EC3E51-8560-4047-A181-C17D2A949098}
	EndGlobalSection
EndGlobal
